# This file is automatically @generated by Cargo.
# It is not intended for manual editing.
version = 3

[[package]]
name = "array2d"
version = "0.2.1"
source = "registry+https://github.com/rust-lang/crates.io-index"
checksum = "224b2db9d3e7dd068c8b07b186076ee668ce38810d0ba12c80dacbcbb7cfc9e8"

[[package]]
name = "day08"
version = "0.1.0"
dependencies = [
 "array2d",
 "take-until",
]

[[package]]
name = "take-until"
version = "0.1.0"
source = "registry+https://github.com/rust-lang/crates.io-index"
checksum = "b4e17d8598067a8c134af59cd33c1c263470e089924a11ab61cf61690919fe3b"
